# This file is automatically @generated by Cargo.
# It is not intended for manual editing.
version = 4

[[package]]
name = "vt-app"
version = "0.0.0"
dependencies = [
 "vt-core",
 "vt-platform",
 "vt-render",
 "vt-session",
]

[[package]]
name = "vt-core"
version = "0.0.0"

[[package]]
name = "vt-platform"
version = "0.0.0"
dependencies = [
 "vt-core",
]

[[package]]
name = "vt-render"
version = "0.0.0"
dependencies = [
 "vt-core",
]

[[package]]
name = "vt-session"
version = "0.0.0"
dependencies = [
 "vt-core",
]
